<?xml version="1.0" encoding="utf-8"?>
<Project ToolsVersion="4.0" xmlns="http://schemas.microsoft.com/developer/msbuild/2003">
  <ItemGroup>
    <Filter Include="Source Files">
      <UniqueIdentifier>{4FC737F1-C7A5-4376-A066-2A32D752A2FF}</UniqueIdentifier>
      <Extensions>cpp;c;cc;cxx;c++;cppm;ixx;def;odl;idl;hpj;bat;asm;asmx</Extensions>
    </Filter>
    <Filter Include="Header Files">
      <UniqueIdentifier>{93995380-89BD-4b04-88EB-625FBE52EBFB}</UniqueIdentifier>
      <Extensions>h;hh;hpp;hxx;h++;hm;inl;inc;ipp;xsd</Extensions>
    </Filter>
    <Filter Include="Resource Files">
      <UniqueIdentifier>{67DA6AB6-F800-4c08-8B7A-83BB121AAD01}</UniqueIdentifier>
      <Extensions>rc;ico;cur;bmp;dlg;rc2;rct;bin;rgs;gif;jpg;jpeg;jpe;resx;tiff;tif;png;wav;mfcribbon-ms</Extensions>
    </Filter>
    <Filter Include="content">
      <UniqueIdentifier>{b6b4b08b-4b65-499a-a960-8829bd93e7da}</UniqueIdentifier>
    </Filter>
    <Filter Include="content\textures">
      <UniqueIdentifier>{b4fc382a-8ef7-40a3-bb0f-a749fc95d613}</UniqueIdentifier>
      <Extensions>png;jpg;jpeg;dds</Extensions>
    </Filter>
    <Filter Include="content\models">
      <UniqueIdentifier>{d1452998-79ad-463c-bf56-5793bd7e60d7}</UniqueIdentifier>
      <Extensions>fbx</Extensions>
    </Filter>
  </ItemGroup>
  <ItemGroup>
    <ClCompile Include="Thetis.cpp">
      <Filter>Source Files</Filter>
    </ClCompile>
    <ClCompile Include="main.cpp">
      <Filter>Source Files</Filter>
    </ClCompile>
  </ItemGroup>
  <ItemGroup>
    <ClInclude Include="Thetis.h">
      <Filter>Header Files</Filter>
    </ClInclude>
  </ItemGroup>
  <ItemGroup>
    <None Include="packages.config" />
    <None Include="content\models\monkey.fbx">
      <Filter>content\models</Filter>
    </None>
    <None Include="content\models\cone.fbx">
      <Filter>content\models</Filter>
    </None>
    <None Include="content\models\icosphere.fbx">
      <Filter>content\models</Filter>
    </None>
    <None Include="content\models\achilles test.fbx">
      <Filter>content\models</Filter>
    </None>
    <None Include="content\models\uv sphere.fbx">
      <Filter>content\models</Filter>
    </None>
    <None Include="content\models\cube.fbx">
      <Filter>content\models</Filter>
    </None>
    <None Include="content\models\cylinder.fbx">
      <Filter>content\models</Filter>
    </None>
    <None Include="content\models\plane.fbx">
      <Filter>content\models</Filter>
    </None>
    <None Include="content\models\torus.fbx">
      <Filter>content\models</Filter>
    </None>
    <None Include="content\models\light point.fbx">
      <Filter>content\models</Filter>
    </None>
    <None Include="content\models\light directional.fbx">
      <Filter>content\models</Filter>
    </None>
    <None Include="content\models\light spot.fbx">
      <Filter>content\models</Filter>
    </None>
    <None Include="content\models\achilles test 2.fbx">
      <Filter>content\models</Filter>
    </None>
    <None Include="content\models\uv sphere high.fbx">
      <Filter>content\models</Filter>
    </None>
  </ItemGroup>
  <ItemGroup>
    <Image Include="content\textures\MyUVSquare.png">
      <Filter>content\textures</Filter>
    </Image>
    <Image Include="content\textures\ColorGrid.png">
      <Filter>content\textures</Filter>
    </Image>
    <Image Include="content\textures\UVGrid.png">
      <Filter>content\textures</Filter>
    </Image>
    <Image Include="content\textures\Icy Planet Diffuse.png">
      <Filter>content\textures</Filter>
    </Image>
    <Image Include="content\textures\Icy Planet Normal.png">
      <Filter>content\textures</Filter>
    </Image>
    <Image Include="content\textures\OutdoorHDRI064_4K-TONEMAPPED.jpg">
      <Filter>content\textures</Filter>
    </Image>
  </ItemGroup>
</Project>