<?xml version="1.0" encoding="utf-8"?>
<Project ToolsVersion="4.0" xmlns="http://schemas.microsoft.com/developer/msbuild/2003">
  <ItemGroup>
    <Filter Include="Source Files">
      <UniqueIdentifier>{4FC737F1-C7A5-4376-A066-2A32D752A2FF}</UniqueIdentifier>
      <Extensions>cpp;c;cc;cxx;c++;cppm;ixx;def;odl;idl;hpj;bat;asm;asmx</Extensions>
    </Filter>
    <Filter Include="Header Files">
      <UniqueIdentifier>{93995380-89BD-4b04-88EB-625FBE52EBFB}</UniqueIdentifier>
      <Extensions>h;hh;hpp;hxx;h++;hm;inl;inc;ipp;xsd</Extensions>
    </Filter>
    <Filter Include="Resource Files">
      <UniqueIdentifier>{67DA6AB6-F800-4c08-8B7A-83BB121AAD01}</UniqueIdentifier>
      <Extensions>rc;ico;cur;bmp;dlg;rc2;rct;bin;rgs;gif;jpg;jpeg;jpe;resx;tiff;tif;png;wav;mfcribbon-ms</Extensions>
    </Filter>
    <Filter Include="content">
      <UniqueIdentifier>{acd2c8bf-757d-4363-bdbd-0e1f59003f38}</UniqueIdentifier>
    </Filter>
    <Filter Include="content\models">
      <UniqueIdentifier>{f181e962-5285-4740-902b-55d416e4e206}</UniqueIdentifier>
    </Filter>
    <Filter Include="content\textures">
      <UniqueIdentifier>{0364b322-54eb-49cd-99aa-d0cbd35c2a8f}</UniqueIdentifier>
    </Filter>
  </ItemGroup>
  <ItemGroup>
    <ClInclude Include="Helios.h">
      <Filter>Header Files</Filter>
    </ClInclude>
    <ClInclude Include="Spaceship.h">
      <Filter>Header Files</Filter>
    </ClInclude>
    <ClInclude Include="Planet.h">
      <Filter>Header Files</Filter>
    </ClInclude>
  </ItemGroup>
  <ItemGroup>
    <ClCompile Include="Helios.cpp">
      <Filter>Source Files</Filter>
    </ClCompile>
    <ClCompile Include="Spaceship.cpp">
      <Filter>Source Files</Filter>
    </ClCompile>
    <ClCompile Include="main.cpp">
      <Filter>Source Files</Filter>
    </ClCompile>
    <ClCompile Include="Planet.cpp">
      <Filter>Source Files</Filter>
    </ClCompile>
  </ItemGroup>
  <ItemGroup>
    <None Include="packages.config" />
    <None Include="content\models\spaceship.fbx">
      <Filter>content\models</Filter>
    </None>
  </ItemGroup>
  <ItemGroup>
    <Image Include="content\textures\Skymap.png">
      <Filter>content\textures</Filter>
    </Image>
    <Image Include="content\textures\Dusty Planet Diffuse.png">
      <Filter>content\textures</Filter>
    </Image>
    <Image Include="content\textures\Earth Like Planet Diffuse.png">
      <Filter>content\textures</Filter>
    </Image>
    <Image Include="content\textures\Purple Planet Diffuse.png">
      <Filter>content\textures</Filter>
    </Image>
    <Image Include="content\textures\Rocky Planet Diffuse.png">
      <Filter>content\textures</Filter>
    </Image>
    <Image Include="content\textures\Blue Moon Planet Diffuse.png">
      <Filter>content\textures</Filter>
    </Image>
    <Image Include="content\textures\Dusty Planet Normal.png">
      <Filter>content\textures</Filter>
    </Image>
    <Image Include="content\textures\Earth Like Planet Normal.png">
      <Filter>content\textures</Filter>
    </Image>
    <Image Include="content\textures\Purple Planet Normal.png">
      <Filter>content\textures</Filter>
    </Image>
  </ItemGroup>
</Project>